
Microsoft Visual Studio Solution File, Format Version 12.00
# Visual Studio Version 16
VisualStudioVersion = 16.0.31729.503
MinimumVisualStudioVersion = 10.0.40219.1
Project("{FAE04EC0-301F-11D3-BF4B-00C04F79EFBC}") = "PE - Sorted List", "PE - Sorted List.csproj", "{5D447A01-391B-493B-9518-340A16B24915}"
EndProject
Global
	GlobalSection(SolutionConfigurationPlatforms) = preSolution
		Debug|Any CPU = Debug|Any CPU
		Release|Any CPU = Release|Any CPU
	EndGlobalSection
	GlobalSection(ProjectConfigurationPlatforms) = postSolution
		{5D447A01-391B-493B-9518-340A16B24915}.Debug|Any CPU.ActiveCfg = Debug|Any CPU
		{5D447A01-391B-493B-9518-340A16B24915}.Debug|Any CPU.Build.0 = Debug|Any CPU
		{5D447A01-391B-493B-9518-340A16B24915}.Release|Any CPU.ActiveCfg = Release|Any CPU
		{5D447A01-391B-493B-9518-340A16B24915}.Release|Any CPU.Build.0 = Release|Any CPU
	EndGlobalSection
	GlobalSection(SolutionProperties) = preSolution
		HideSolutionNode = FALSE
	EndGlobalSection
	GlobalSection(ExtensibilityGlobals) = postSolution
		SolutionGuid = {0FDAEAC2-C291-4834-B2C8-0B87187FAEE5}
	EndGlobalSection
EndGlobal
