
Microsoft Visual Studio Solution File, Format Version 12.00
# Visual Studio Version 16
VisualStudioVersion = 16.0.31613.86
MinimumVisualStudioVersion = 10.0.40219.1
Project("{FAE04EC0-301F-11D3-BF4B-00C04F79EFBC}") = "PE13_Recursion(Monogame)_RC_TS", "PE13_Recursion(Monogame)_RC_TS\PE13_Recursion(Monogame)_RC_TS.csproj", "{7AB79A05-E243-457F-B4A3-337CB6B3CBBA}"
EndProject
Global
	GlobalSection(SolutionConfigurationPlatforms) = preSolution
		Debug|Any CPU = Debug|Any CPU
		Release|Any CPU = Release|Any CPU
	EndGlobalSection
	GlobalSection(ProjectConfigurationPlatforms) = postSolution
		{7AB79A05-E243-457F-B4A3-337CB6B3CBBA}.Debug|Any CPU.ActiveCfg = Debug|Any CPU
		{7AB79A05-E243-457F-B4A3-337CB6B3CBBA}.Debug|Any CPU.Build.0 = Debug|Any CPU
		{7AB79A05-E243-457F-B4A3-337CB6B3CBBA}.Release|Any CPU.ActiveCfg = Release|Any CPU
		{7AB79A05-E243-457F-B4A3-337CB6B3CBBA}.Release|Any CPU.Build.0 = Release|Any CPU
	EndGlobalSection
	GlobalSection(SolutionProperties) = preSolution
		HideSolutionNode = FALSE
	EndGlobalSection
	GlobalSection(ExtensibilityGlobals) = postSolution
		SolutionGuid = {69CF4FEE-1EDA-48BA-A843-CFCAC2E08475}
	EndGlobalSection
EndGlobal
