
Microsoft Visual Studio Solution File, Format Version 12.00
# Visual Studio Version 16
VisualStudioVersion = 16.0.31613.86
MinimumVisualStudioVersion = 10.0.40219.1
Project("{FAE04EC0-301F-11D3-BF4B-00C04F79EFBC}") = "PE Hello Git", "PE Hello Git\PE Hello Git.csproj", "{5286E60C-F286-45F1-B898-731BC28C6DF4}"
EndProject
Global
	GlobalSection(SolutionConfigurationPlatforms) = preSolution
		Debug|Any CPU = Debug|Any CPU
		Release|Any CPU = Release|Any CPU
	EndGlobalSection
	GlobalSection(ProjectConfigurationPlatforms) = postSolution
		{5286E60C-F286-45F1-B898-731BC28C6DF4}.Debug|Any CPU.ActiveCfg = Debug|Any CPU
		{5286E60C-F286-45F1-B898-731BC28C6DF4}.Debug|Any CPU.Build.0 = Debug|Any CPU
		{5286E60C-F286-45F1-B898-731BC28C6DF4}.Release|Any CPU.ActiveCfg = Release|Any CPU
		{5286E60C-F286-45F1-B898-731BC28C6DF4}.Release|Any CPU.Build.0 = Release|Any CPU
	EndGlobalSection
	GlobalSection(SolutionProperties) = preSolution
		HideSolutionNode = FALSE
	EndGlobalSection
	GlobalSection(ExtensibilityGlobals) = postSolution
		SolutionGuid = {7DE150FB-52F4-4995-9D22-35F38D53A434}
	EndGlobalSection
EndGlobal
